
Microsoft Visual Studio Solution File, Format Version 11.00
# Visual Studio 2010
Project("{8BC9CEB8-8B4A-11D0-8D11-00A0C91BC942}") = "TCP_chat_xueruif", "TCP_chat_xueruif\TCP_chat_xueruif.vcxproj", "{79FACF9C-3C53-4D82-9863-9090BFF3679B}"
EndProject
Global
	GlobalSection(SolutionConfigurationPlatforms) = preSolution
		Debug|Win32 = Debug|Win32
		Release|Win32 = Release|Win32
	EndGlobalSection
	GlobalSection(ProjectConfigurationPlatforms) = postSolution
		{79FACF9C-3C53-4D82-9863-9090BFF3679B}.Debug|Win32.ActiveCfg = Debug|Win32
		{79FACF9C-3C53-4D82-9863-9090BFF3679B}.Debug|Win32.Build.0 = Debug|Win32
		{79FACF9C-3C53-4D82-9863-9090BFF3679B}.Release|Win32.ActiveCfg = Release|Win32
		{79FACF9C-3C53-4D82-9863-9090BFF3679B}.Release|Win32.Build.0 = Release|Win32
	EndGlobalSection
	GlobalSection(SolutionProperties) = preSolution
		HideSolutionNode = FALSE
	EndGlobalSection
EndGlobal
